
Microsoft Visual Studio Solution File, Format Version 12.00
# Visual Studio Version 17
VisualStudioVersion = 17.14.36623.8 d17.14
MinimumVisualStudioVersion = 10.0.40219.1
Project("{FAE04EC0-301F-11D3-BF4B-00C04F79EFBC}") = "ClienteServidor_Cliente", "ClienteServidor_Cliente\ClienteServidor_Cliente.csproj", "{F07402A3-BD92-4CDB-B6FB-873714F8B95E}"
EndProject
Global
	GlobalSection(SolutionConfigurationPlatforms) = preSolution
		Debug|Any CPU = Debug|Any CPU
		Release|Any CPU = Release|Any CPU
	EndGlobalSection
	GlobalSection(ProjectConfigurationPlatforms) = postSolution
		{F07402A3-BD92-4CDB-B6FB-873714F8B95E}.Debug|Any CPU.ActiveCfg = Debug|Any CPU
		{F07402A3-BD92-4CDB-B6FB-873714F8B95E}.Debug|Any CPU.Build.0 = Debug|Any CPU
		{F07402A3-BD92-4CDB-B6FB-873714F8B95E}.Release|Any CPU.ActiveCfg = Release|Any CPU
		{F07402A3-BD92-4CDB-B6FB-873714F8B95E}.Release|Any CPU.Build.0 = Release|Any CPU
	EndGlobalSection
	GlobalSection(SolutionProperties) = preSolution
		HideSolutionNode = FALSE
	EndGlobalSection
	GlobalSection(ExtensibilityGlobals) = postSolution
		SolutionGuid = {BC928C32-4A9E-46E3-AA5C-1C579C6EC4B0}
	EndGlobalSection
EndGlobal
